
Microsoft Visual Studio Solution File, Format Version 12.00
Project("{FAE04EC0-301F-11D3-BF4B-00C04F79EFBC}") = "DmitroMarkevich.TaskPlanner.ConsoleRunner", "DmitroMarkevich.TaskPlanner.ConsoleRunner\DmitroMarkevich.TaskPlanner.ConsoleRunner.csproj", "{17F36915-F8CE-4091-978D-7A3F21481488}"
EndProject
Project("{FAE04EC0-301F-11D3-BF4B-00C04F79EFBC}") = "DmitroMarkevich.TaskPlanner.Domain.Models", "DmitroMarkevich.TaskPlanner.Domain.Models\DmitroMarkevich.TaskPlanner.Domain.Models.csproj", "{9020D4BC-52B1-452D-8FC7-E1C45BE0B902}"
EndProject
Project("{FAE04EC0-301F-11D3-BF4B-00C04F79EFBC}") = "DmitroMarkevich.TaskPlanner.Domain.Logic", "DmitroMarkevich.TaskPlanner.Domain.Logic\DmitroMarkevich.TaskPlanner.Domain.Logic.csproj", "{E9DF87C0-8E80-499B-9B86-1C4C45C69EB9}"
EndProject
Global
	GlobalSection(SolutionConfigurationPlatforms) = preSolution
		Debug|Any CPU = Debug|Any CPU
		Release|Any CPU = Release|Any CPU
	EndGlobalSection
	GlobalSection(ProjectConfigurationPlatforms) = postSolution
		{17F36915-F8CE-4091-978D-7A3F21481488}.Debug|Any CPU.ActiveCfg = Debug|Any CPU
		{17F36915-F8CE-4091-978D-7A3F21481488}.Debug|Any CPU.Build.0 = Debug|Any CPU
		{17F36915-F8CE-4091-978D-7A3F21481488}.Release|Any CPU.ActiveCfg = Release|Any CPU
		{17F36915-F8CE-4091-978D-7A3F21481488}.Release|Any CPU.Build.0 = Release|Any CPU
		{9020D4BC-52B1-452D-8FC7-E1C45BE0B902}.Debug|Any CPU.ActiveCfg = Debug|Any CPU
		{9020D4BC-52B1-452D-8FC7-E1C45BE0B902}.Debug|Any CPU.Build.0 = Debug|Any CPU
		{9020D4BC-52B1-452D-8FC7-E1C45BE0B902}.Release|Any CPU.ActiveCfg = Release|Any CPU
		{9020D4BC-52B1-452D-8FC7-E1C45BE0B902}.Release|Any CPU.Build.0 = Release|Any CPU
		{E9DF87C0-8E80-499B-9B86-1C4C45C69EB9}.Debug|Any CPU.ActiveCfg = Debug|Any CPU
		{E9DF87C0-8E80-499B-9B86-1C4C45C69EB9}.Debug|Any CPU.Build.0 = Debug|Any CPU
		{E9DF87C0-8E80-499B-9B86-1C4C45C69EB9}.Release|Any CPU.ActiveCfg = Release|Any CPU
		{E9DF87C0-8E80-499B-9B86-1C4C45C69EB9}.Release|Any CPU.Build.0 = Release|Any CPU
	EndGlobalSection
EndGlobal
